
Microsoft Visual Studio Solution File, Format Version 12.00
# Visual Studio 15
VisualStudioVersion = 15.0.27130.2020
MinimumVisualStudioVersion = 10.0.40219.1
Project("{2150E333-8FDC-42A3-9474-1A3956D46DE8}") = "Solution Items", "Solution Items", "{73EF7C1F-BE73-43D5-8F77-D2909DAA54A2}"
	ProjectSection(SolutionItems) = preProject
		..\CHANGES.txt = ..\CHANGES.txt
		..\VERSION = ..\VERSION
	EndProjectSection
EndProject
Project("{2150E333-8FDC-42A3-9474-1A3956D46DE8}") = "Tests", "Tests", "{81E951C4-556A-4369-B942-ADF9138A0E06}"
EndProject
Project("{9A19103F-16F7-4668-BE54-9A1E7A4F7556}") = "Facebook", "Facebook\Facebook.csproj", "{182CB93F-AD1E-4371-9A76-028DD9478DDC}"
EndProject
Project("{FAE04EC0-301F-11D3-BF4B-00C04F79EFBC}") = "Facebook.Tests", "Facebook.Tests\Facebook.Tests.csproj", "{C08F42B4-6FF6-488E-90D6-8A47387BCDE3}"
EndProject
Global
	GlobalSection(SolutionConfigurationPlatforms) = preSolution
		Debug|Any CPU = Debug|Any CPU
		Release|Any CPU = Release|Any CPU
	EndGlobalSection
	GlobalSection(ProjectConfigurationPlatforms) = postSolution
		{182CB93F-AD1E-4371-9A76-028DD9478DDC}.Debug|Any CPU.ActiveCfg = Debug|Any CPU
		{182CB93F-AD1E-4371-9A76-028DD9478DDC}.Debug|Any CPU.Build.0 = Debug|Any CPU
		{182CB93F-AD1E-4371-9A76-028DD9478DDC}.Release|Any CPU.ActiveCfg = Release|Any CPU
		{182CB93F-AD1E-4371-9A76-028DD9478DDC}.Release|Any CPU.Build.0 = Release|Any CPU
		{C08F42B4-6FF6-488E-90D6-8A47387BCDE3}.Debug|Any CPU.ActiveCfg = Debug|Any CPU
		{C08F42B4-6FF6-488E-90D6-8A47387BCDE3}.Debug|Any CPU.Build.0 = Debug|Any CPU
		{C08F42B4-6FF6-488E-90D6-8A47387BCDE3}.Release|Any CPU.ActiveCfg = Release|Any CPU
		{C08F42B4-6FF6-488E-90D6-8A47387BCDE3}.Release|Any CPU.Build.0 = Release|Any CPU
	EndGlobalSection
	GlobalSection(SolutionProperties) = preSolution
		HideSolutionNode = FALSE
	EndGlobalSection
	GlobalSection(NestedProjects) = preSolution
		{C08F42B4-6FF6-488E-90D6-8A47387BCDE3} = {81E951C4-556A-4369-B942-ADF9138A0E06}
	EndGlobalSection
	GlobalSection(ExtensibilityGlobals) = postSolution
		SolutionGuid = {8F5FFDF1-D4CE-4DB2-AA95-D50F7FECEDE7}
	EndGlobalSection
EndGlobal
